
Microsoft Visual Studio Solution File, Format Version 12.00
# Visual Studio Version 17
VisualStudioVersion = 17.14.36518.9 d17.14
MinimumVisualStudioVersion = 10.0.40219.1
Project("{FAE04EC0-301F-11D3-BF4B-00C04F79EFBC}") = "Lab01", "Lab01.csproj", "{2CFF8213-A001-4784-AAB8-C0A5EE8573AE}"
EndProject
Global
	GlobalSection(SolutionConfigurationPlatforms) = preSolution
		Debug|Any CPU = Debug|Any CPU
		Release|Any CPU = Release|Any CPU
	EndGlobalSection
	GlobalSection(ProjectConfigurationPlatforms) = postSolution
		{2CFF8213-A001-4784-AAB8-C0A5EE8573AE}.Debug|Any CPU.ActiveCfg = Debug|Any CPU
		{2CFF8213-A001-4784-AAB8-C0A5EE8573AE}.Debug|Any CPU.Build.0 = Debug|Any CPU
		{2CFF8213-A001-4784-AAB8-C0A5EE8573AE}.Release|Any CPU.ActiveCfg = Release|Any CPU
		{2CFF8213-A001-4784-AAB8-C0A5EE8573AE}.Release|Any CPU.Build.0 = Release|Any CPU
	EndGlobalSection
	GlobalSection(SolutionProperties) = preSolution
		HideSolutionNode = FALSE
	EndGlobalSection
	GlobalSection(ExtensibilityGlobals) = postSolution
		SolutionGuid = {648F1859-5D1F-443D-8E39-C2D2E683680D}
	EndGlobalSection
EndGlobal
